
Microsoft Visual Studio Solution File, Format Version 12.00
# Visual Studio Version 17
VisualStudioVersion = 17.0.31903.59
MinimumVisualStudioVersion = 10.0.40219.1
Project("{FAE04EC0-301F-11D3-BF4B-00C04F79EFBC}") = "ExpenseBookAPI", "ExpenseBookAPI\ExpenseBookAPI.csproj", "{6E318AD7-EC16-4EFE-87A7-34CECBEC6081}"
EndProject
Project("{FAE04EC0-301F-11D3-BF4B-00C04F79EFBC}") = "ExpenseBook.Core", "ExpenseBook.Core\ExpenseBook.Core.csproj", "{C3B461CC-AFA3-4271-9653-BADFAB65BCF6}"
EndProject
Project("{FAE04EC0-301F-11D3-BF4B-00C04F79EFBC}") = "ExpenseBook.Infrastructure", "ExpenseBook.Infrastructure\ExpenseBook.Infrastructure.csproj", "{27811AC8-71E5-43F4-BF6A-666EEDDC5C21}"
EndProject
Global
	GlobalSection(SolutionConfigurationPlatforms) = preSolution
		Debug|Any CPU = Debug|Any CPU
		Debug|x64 = Debug|x64
		Debug|x86 = Debug|x86
		Release|Any CPU = Release|Any CPU
		Release|x64 = Release|x64
		Release|x86 = Release|x86
	EndGlobalSection
	GlobalSection(ProjectConfigurationPlatforms) = postSolution
		{6E318AD7-EC16-4EFE-87A7-34CECBEC6081}.Debug|Any CPU.ActiveCfg = Debug|Any CPU
		{6E318AD7-EC16-4EFE-87A7-34CECBEC6081}.Debug|Any CPU.Build.0 = Debug|Any CPU
		{6E318AD7-EC16-4EFE-87A7-34CECBEC6081}.Debug|x64.ActiveCfg = Debug|Any CPU
		{6E318AD7-EC16-4EFE-87A7-34CECBEC6081}.Debug|x64.Build.0 = Debug|Any CPU
		{6E318AD7-EC16-4EFE-87A7-34CECBEC6081}.Debug|x86.ActiveCfg = Debug|Any CPU
		{6E318AD7-EC16-4EFE-87A7-34CECBEC6081}.Debug|x86.Build.0 = Debug|Any CPU
		{6E318AD7-EC16-4EFE-87A7-34CECBEC6081}.Release|Any CPU.ActiveCfg = Release|Any CPU
		{6E318AD7-EC16-4EFE-87A7-34CECBEC6081}.Release|Any CPU.Build.0 = Release|Any CPU
		{6E318AD7-EC16-4EFE-87A7-34CECBEC6081}.Release|x64.ActiveCfg = Release|Any CPU
		{6E318AD7-EC16-4EFE-87A7-34CECBEC6081}.Release|x64.Build.0 = Release|Any CPU
		{6E318AD7-EC16-4EFE-87A7-34CECBEC6081}.Release|x86.ActiveCfg = Release|Any CPU
		{6E318AD7-EC16-4EFE-87A7-34CECBEC6081}.Release|x86.Build.0 = Release|Any CPU
		{C3B461CC-AFA3-4271-9653-BADFAB65BCF6}.Debug|Any CPU.ActiveCfg = Debug|Any CPU
		{C3B461CC-AFA3-4271-9653-BADFAB65BCF6}.Debug|Any CPU.Build.0 = Debug|Any CPU
		{C3B461CC-AFA3-4271-9653-BADFAB65BCF6}.Debug|x64.ActiveCfg = Debug|Any CPU
		{C3B461CC-AFA3-4271-9653-BADFAB65BCF6}.Debug|x64.Build.0 = Debug|Any CPU
		{C3B461CC-AFA3-4271-9653-BADFAB65BCF6}.Debug|x86.ActiveCfg = Debug|Any CPU
		{C3B461CC-AFA3-4271-9653-BADFAB65BCF6}.Debug|x86.Build.0 = Debug|Any CPU
		{C3B461CC-AFA3-4271-9653-BADFAB65BCF6}.Release|Any CPU.ActiveCfg = Release|Any CPU
		{C3B461CC-AFA3-4271-9653-BADFAB65BCF6}.Release|Any CPU.Build.0 = Release|Any CPU
		{C3B461CC-AFA3-4271-9653-BADFAB65BCF6}.Release|x64.ActiveCfg = Release|Any CPU
		{C3B461CC-AFA3-4271-9653-BADFAB65BCF6}.Release|x64.Build.0 = Release|Any CPU
		{C3B461CC-AFA3-4271-9653-BADFAB65BCF6}.Release|x86.ActiveCfg = Release|Any CPU
		{C3B461CC-AFA3-4271-9653-BADFAB65BCF6}.Release|x86.Build.0 = Release|Any CPU
		{27811AC8-71E5-43F4-BF6A-666EEDDC5C21}.Debug|Any CPU.ActiveCfg = Debug|Any CPU
		{27811AC8-71E5-43F4-BF6A-666EEDDC5C21}.Debug|Any CPU.Build.0 = Debug|Any CPU
		{27811AC8-71E5-43F4-BF6A-666EEDDC5C21}.Debug|x64.ActiveCfg = Debug|Any CPU
		{27811AC8-71E5-43F4-BF6A-666EEDDC5C21}.Debug|x64.Build.0 = Debug|Any CPU
		{27811AC8-71E5-43F4-BF6A-666EEDDC5C21}.Debug|x86.ActiveCfg = Debug|Any CPU
		{27811AC8-71E5-43F4-BF6A-666EEDDC5C21}.Debug|x86.Build.0 = Debug|Any CPU
		{27811AC8-71E5-43F4-BF6A-666EEDDC5C21}.Release|Any CPU.ActiveCfg = Release|Any CPU
		{27811AC8-71E5-43F4-BF6A-666EEDDC5C21}.Release|Any CPU.Build.0 = Release|Any CPU
		{27811AC8-71E5-43F4-BF6A-666EEDDC5C21}.Release|x64.ActiveCfg = Release|Any CPU
		{27811AC8-71E5-43F4-BF6A-666EEDDC5C21}.Release|x64.Build.0 = Release|Any CPU
		{27811AC8-71E5-43F4-BF6A-666EEDDC5C21}.Release|x86.ActiveCfg = Release|Any CPU
		{27811AC8-71E5-43F4-BF6A-666EEDDC5C21}.Release|x86.Build.0 = Release|Any CPU
	EndGlobalSection
	GlobalSection(SolutionProperties) = preSolution
		HideSolutionNode = FALSE
	EndGlobalSection
EndGlobal
